{
  "version": 4,
  "terraform_version": "1.14.3",
  "serial": 13,
  "lineage": "5206fcc3-141a-3a86-8e7e-c9a516fdf66a",
  "outputs": {
    "rabbitmq_bindings": {
      "value": [
        {
          "destination": "core.messages",
          "destination_type": "queue",
          "routing_key": "#",
          "source": "audhd.input"
        },
        {
          "destination": "persistence.audhd_input",
          "destination_type": "queue",
          "routing_key": "#",
          "source": "audhd.input"
        },
        {
          "destination": "persistence.audhd_output",
          "destination_type": "queue",
          "routing_key": "#",
          "source": "audhd.output"
        }
      ],
      "type": [
        "tuple",
        [
          [
            "object",
            {
              "destination": "string",
              "destination_type": "string",
              "routing_key": "string",
              "source": "string"
            }
          ],
          [
            "object",
            {
              "destination": "string",
              "destination_type": "string",
              "routing_key": "string",
              "source": "string"
            }
          ],
          [
            "object",
            {
              "destination": "string",
              "destination_type": "string",
              "routing_key": "string",
              "source": "string"
            }
          ]
        ]
      ]
    },
    "rabbitmq_connection": {
      "value": {
        "endpoint": "http://localhost:15672",
        "vhost": "/"
      },
      "type": [
        "object",
        {
          "endpoint": "string",
          "vhost": "string"
        }
      ]
    },
    "rabbitmq_exchanges": {
      "value": [
        {
          "auto_delete": false,
          "durable": true,
          "name": "audhd.input",
          "type": "topic"
        },
        {
          "auto_delete": false,
          "durable": true,
          "name": "audhd.output",
          "type": "topic"
        }
      ],
      "type": [
        "tuple",
        [
          [
            "object",
            {
              "auto_delete": "bool",
              "durable": "bool",
              "name": "string",
              "type": "string"
            }
          ],
          [
            "object",
            {
              "auto_delete": "bool",
              "durable": "bool",
              "name": "string",
              "type": "string"
            }
          ]
        ]
      ]
    },
    "rabbitmq_queues": {
      "value": [
        {
          "auto_delete": false,
          "durable": true,
          "name": "core.messages"
        },
        {
          "auto_delete": false,
          "durable": true,
          "name": "persistence.audhd_input"
        },
        {
          "auto_delete": false,
          "durable": true,
          "name": "persistence.audhd_output"
        }
      ],
      "type": [
        "tuple",
        [
          [
            "object",
            {
              "auto_delete": "bool",
              "durable": "bool",
              "name": "string"
            }
          ],
          [
            "object",
            {
              "auto_delete": "bool",
              "durable": "bool",
              "name": "string"
            }
          ],
          [
            "object",
            {
              "auto_delete": "bool",
              "durable": "bool",
              "name": "string"
            }
          ]
        ]
      ]
    },
    "topology_config": {
      "value": {
        "bindings": [
          {
            "destination": "core.messages",
            "destination_type": "queue",
            "routing_key": "#",
            "source": "audhd.input"
          },
          {
            "destination": "persistence.audhd_input",
            "destination_type": "queue",
            "routing_key": "#",
            "source": "audhd.input"
          },
          {
            "destination": "persistence.audhd_output",
            "destination_type": "queue",
            "routing_key": "#",
            "source": "audhd.output"
          }
        ],
        "connection": {
          "endpoint": "http://localhost:15672",
          "vhost": "/"
        },
        "exchanges": [
          {
            "auto_delete": false,
            "durable": true,
            "name": "audhd.input",
            "type": "topic"
          },
          {
            "auto_delete": false,
            "durable": true,
            "name": "audhd.output",
            "type": "topic"
          }
        ],
        "queues": [
          {
            "auto_delete": false,
            "durable": true,
            "name": "core.messages"
          },
          {
            "auto_delete": false,
            "durable": true,
            "name": "persistence.audhd_input"
          },
          {
            "auto_delete": false,
            "durable": true,
            "name": "persistence.audhd_output"
          }
        ]
      },
      "type": [
        "object",
        {
          "bindings": [
            "tuple",
            [
              [
                "object",
                {
                  "destination": "string",
                  "destination_type": "string",
                  "routing_key": "string",
                  "source": "string"
                }
              ],
              [
                "object",
                {
                  "destination": "string",
                  "destination_type": "string",
                  "routing_key": "string",
                  "source": "string"
                }
              ],
              [
                "object",
                {
                  "destination": "string",
                  "destination_type": "string",
                  "routing_key": "string",
                  "source": "string"
                }
              ]
            ]
          ],
          "connection": [
            "object",
            {
              "endpoint": "string",
              "vhost": "string"
            }
          ],
          "exchanges": [
            "tuple",
            [
              [
                "object",
                {
                  "auto_delete": "bool",
                  "durable": "bool",
                  "name": "string",
                  "type": "string"
                }
              ],
              [
                "object",
                {
                  "auto_delete": "bool",
                  "durable": "bool",
                  "name": "string",
                  "type": "string"
                }
              ]
            ]
          ],
          "queues": [
            "tuple",
            [
              [
                "object",
                {
                  "auto_delete": "bool",
                  "durable": "bool",
                  "name": "string"
                }
              ],
              [
                "object",
                {
                  "auto_delete": "bool",
                  "durable": "bool",
                  "name": "string"
                }
              ],
              [
                "object",
                {
                  "auto_delete": "bool",
                  "durable": "bool",
                  "name": "string"
                }
              ]
            ]
          ]
        }
      ]
    }
  },
  "resources": [
    {
      "mode": "managed",
      "type": "rabbitmq_binding",
      "name": "bindings",
      "provider": "provider[\"registry.terraform.io/cyrilgdn/rabbitmq\"]",
      "instances": [
        {
          "index_key": 0,
          "schema_version": 0,
          "attributes": {
            "arguments": null,
            "arguments_json": null,
            "destination": "core.messages",
            "destination_type": "queue",
            "id": "%2F/audhd.input/core.messages/queue/%23",
            "properties_key": "%23",
            "routing_key": "#",
            "source": "audhd.input",
            "vhost": "/"
          },
          "sensitive_attributes": [],
          "identity_schema_version": 0,
          "private": "bnVsbA=="
        }
      ]
    },
    {
      "mode": "managed",
      "type": "rabbitmq_exchange",
      "name": "exchanges",
      "provider": "provider[\"registry.terraform.io/cyrilgdn/rabbitmq\"]",
      "instances": [
        {
          "index_key": 0,
          "schema_version": 0,
          "attributes": {
            "id": "audhd.input@/",
            "name": "audhd.input",
            "settings": [
              {
                "arguments": null,
                "auto_delete": false,
                "durable": true,
                "type": "topic"
              }
            ],
            "vhost": "/"
          },
          "sensitive_attributes": [],
          "identity_schema_version": 0,
          "private": "bnVsbA=="
        },
        {
          "index_key": 1,
          "schema_version": 0,
          "attributes": {
            "id": "audhd.output@/",
            "name": "audhd.output",
            "settings": [
              {
                "arguments": null,
                "auto_delete": false,
                "durable": true,
                "type": "topic"
              }
            ],
            "vhost": "/"
          },
          "sensitive_attributes": [],
          "identity_schema_version": 0,
          "private": "bnVsbA=="
        }
      ]
    },
    {
      "mode": "managed",
      "type": "rabbitmq_queue",
      "name": "queues",
      "provider": "provider[\"registry.terraform.io/cyrilgdn/rabbitmq\"]",
      "instances": [
        {
          "index_key": 0,
          "schema_version": 0,
          "attributes": {
            "id": "core.messages@/",
            "name": "core.messages",
            "settings": [
              {
                "arguments": null,
                "arguments_json": "",
                "auto_delete": false,
                "durable": true
              }
            ],
            "vhost": "/"
          },
          "sensitive_attributes": [],
          "identity_schema_version": 0,
          "private": "bnVsbA=="
        },
        {
          "index_key": 1,
          "schema_version": 0,
          "attributes": {
            "id": "persistence.audhd_input@/",
            "name": "persistence.audhd_input",
            "settings": [
              {
                "arguments": null,
                "arguments_json": "",
                "auto_delete": false,
                "durable": true
              }
            ],
            "vhost": "/"
          },
          "sensitive_attributes": [],
          "identity_schema_version": 0,
          "private": "bnVsbA=="
        },
        {
          "index_key": 2,
          "schema_version": 0,
          "attributes": {
            "id": "persistence.audhd_output@/",
            "name": "persistence.audhd_output",
            "settings": [
              {
                "arguments": null,
                "arguments_json": "",
                "auto_delete": false,
                "durable": true
              }
            ],
            "vhost": "/"
          },
          "sensitive_attributes": [],
          "identity_schema_version": 0,
          "private": "bnVsbA=="
        }
      ]
    }
  ],
  "check_results": null
}
